
Microsoft Visual Studio Solution File, Format Version 12.00
# Visual Studio Version 16
VisualStudioVersion = 16.0.29911.84
MinimumVisualStudioVersion = 10.0.40219.1
Project("{FAE04EC0-301F-11D3-BF4B-00C04F79EFBC}") = "SpamMailSdcaLogisticRegression", "SpamMailSdcaLogisticRegression\SpamMailSdcaLogisticRegression.csproj", "{FFCC2D18-445C-4206-80F7-28322EBB0047}"
EndProject
Project("{54435603-DBB4-11D2-8724-00A0C9A8B90C}") = "SpamMailSetup", "SpamMailSetup\SpamMailSetup.vdproj", "{B465DE18-30A3-40AC-90F1-D61DEFE3E76D}"
EndProject
Global
	GlobalSection(SolutionConfigurationPlatforms) = preSolution
		Debug|Any CPU = Debug|Any CPU
		Debug|x64 = Debug|x64
		Release|Any CPU = Release|Any CPU
		Release|x64 = Release|x64
	EndGlobalSection
	GlobalSection(ProjectConfigurationPlatforms) = postSolution
		{FFCC2D18-445C-4206-80F7-28322EBB0047}.Debug|Any CPU.ActiveCfg = Debug|Any CPU
		{FFCC2D18-445C-4206-80F7-28322EBB0047}.Debug|Any CPU.Build.0 = Debug|Any CPU
		{FFCC2D18-445C-4206-80F7-28322EBB0047}.Debug|x64.ActiveCfg = Debug|x64
		{FFCC2D18-445C-4206-80F7-28322EBB0047}.Debug|x64.Build.0 = Debug|x64
		{FFCC2D18-445C-4206-80F7-28322EBB0047}.Release|Any CPU.ActiveCfg = Release|Any CPU
		{FFCC2D18-445C-4206-80F7-28322EBB0047}.Release|Any CPU.Build.0 = Release|Any CPU
		{FFCC2D18-445C-4206-80F7-28322EBB0047}.Release|x64.ActiveCfg = Release|x64
		{FFCC2D18-445C-4206-80F7-28322EBB0047}.Release|x64.Build.0 = Release|x64
		{B465DE18-30A3-40AC-90F1-D61DEFE3E76D}.Debug|Any CPU.ActiveCfg = Debug
		{B465DE18-30A3-40AC-90F1-D61DEFE3E76D}.Debug|x64.ActiveCfg = Debug
		{B465DE18-30A3-40AC-90F1-D61DEFE3E76D}.Release|Any CPU.ActiveCfg = Release
		{B465DE18-30A3-40AC-90F1-D61DEFE3E76D}.Release|x64.ActiveCfg = Release
	EndGlobalSection
	GlobalSection(SolutionProperties) = preSolution
		HideSolutionNode = FALSE
	EndGlobalSection
	GlobalSection(ExtensibilityGlobals) = postSolution
		SolutionGuid = {BFA72D40-C56B-4B04-A9B3-C1E9816928D8}
	EndGlobalSection
EndGlobal
